
Microsoft Visual Studio Solution File, Format Version 12.00
# Visual Studio Version 16
VisualStudioVersion = 16.0.32106.194
MinimumVisualStudioVersion = 10.0.40219.1
Project("{FAE04EC0-301F-11D3-BF4B-00C04F79EFBC}") = "Lab1", "Lab1.csproj", "{99E26CA1-B89B-423D-ADB0-44165A2CD65E}"
EndProject
Project("{FAE04EC0-301F-11D3-BF4B-00C04F79EFBC}") = "Lab2", "..\Lab2\Lab2.csproj", "{8B343500-DA67-4831-8A33-193F773A610F}"
EndProject
Project("{FAE04EC0-301F-11D3-BF4B-00C04F79EFBC}") = "Lab3", "..\Lab3\Lab3.csproj", "{32A80570-9625-4D85-8AB2-DA8073278927}"
EndProject
Global
	GlobalSection(SolutionConfigurationPlatforms) = preSolution
		Debug|Any CPU = Debug|Any CPU
		Release|Any CPU = Release|Any CPU
	EndGlobalSection
	GlobalSection(ProjectConfigurationPlatforms) = postSolution
		{99E26CA1-B89B-423D-ADB0-44165A2CD65E}.Debug|Any CPU.ActiveCfg = Debug|Any CPU
		{99E26CA1-B89B-423D-ADB0-44165A2CD65E}.Debug|Any CPU.Build.0 = Debug|Any CPU
		{99E26CA1-B89B-423D-ADB0-44165A2CD65E}.Release|Any CPU.ActiveCfg = Release|Any CPU
		{99E26CA1-B89B-423D-ADB0-44165A2CD65E}.Release|Any CPU.Build.0 = Release|Any CPU
		{8B343500-DA67-4831-8A33-193F773A610F}.Debug|Any CPU.ActiveCfg = Debug|Any CPU
		{8B343500-DA67-4831-8A33-193F773A610F}.Debug|Any CPU.Build.0 = Debug|Any CPU
		{8B343500-DA67-4831-8A33-193F773A610F}.Release|Any CPU.ActiveCfg = Release|Any CPU
		{8B343500-DA67-4831-8A33-193F773A610F}.Release|Any CPU.Build.0 = Release|Any CPU
		{32A80570-9625-4D85-8AB2-DA8073278927}.Debug|Any CPU.ActiveCfg = Debug|Any CPU
		{32A80570-9625-4D85-8AB2-DA8073278927}.Debug|Any CPU.Build.0 = Debug|Any CPU
		{32A80570-9625-4D85-8AB2-DA8073278927}.Release|Any CPU.ActiveCfg = Release|Any CPU
		{32A80570-9625-4D85-8AB2-DA8073278927}.Release|Any CPU.Build.0 = Release|Any CPU
	EndGlobalSection
	GlobalSection(SolutionProperties) = preSolution
		HideSolutionNode = FALSE
	EndGlobalSection
	GlobalSection(ExtensibilityGlobals) = postSolution
		SolutionGuid = {1667C690-F71E-450C-8C9D-19FBF2D9C692}
	EndGlobalSection
EndGlobal
